
Microsoft Visual Studio Solution File, Format Version 12.00
# Visual Studio Version 17
VisualStudioVersion = 17.12.35728.132
MinimumVisualStudioVersion = 10.0.40219.1
Project("{FAE04EC0-301F-11D3-BF4B-00C04F79EFBC}") = "Pillage.Common", "Pillage.Common\Pillage.Common.csproj", "{CA4C9BC5-C087-4513-ACA5-BE18FF96109D}"
EndProject
Project("{FAE04EC0-301F-11D3-BF4B-00C04F79EFBC}") = "ECommons", "ECommons\ECommons\ECommons.csproj", "{3E016015-D991-4A81-862E-F84E25E306AA}"
EndProject
Global
	GlobalSection(SolutionConfigurationPlatforms) = preSolution
		Debug|Any CPU = Debug|Any CPU
		Release|Any CPU = Release|Any CPU
	EndGlobalSection
	GlobalSection(ProjectConfigurationPlatforms) = postSolution
		{CA4C9BC5-C087-4513-ACA5-BE18FF96109D}.Debug|Any CPU.ActiveCfg = Debug|x64
		{CA4C9BC5-C087-4513-ACA5-BE18FF96109D}.Debug|Any CPU.Build.0 = Debug|x64
		{CA4C9BC5-C087-4513-ACA5-BE18FF96109D}.Release|Any CPU.ActiveCfg = Release|Any CPU
		{CA4C9BC5-C087-4513-ACA5-BE18FF96109D}.Release|Any CPU.Build.0 = Release|Any CPU
		{3E016015-D991-4A81-862E-F84E25E306AA}.Debug|Any CPU.ActiveCfg = Debug|x64
		{3E016015-D991-4A81-862E-F84E25E306AA}.Debug|Any CPU.Build.0 = Debug|x64
		{3E016015-D991-4A81-862E-F84E25E306AA}.Release|Any CPU.ActiveCfg = Release|x64
		{3E016015-D991-4A81-862E-F84E25E306AA}.Release|Any CPU.Build.0 = Release|x64
	EndGlobalSection
	GlobalSection(SolutionProperties) = preSolution
		HideSolutionNode = FALSE
	EndGlobalSection
EndGlobal
